// !$*UTF8*$!
{
	archiveVersion = 1;
	classes = {
	};
	objectVersion = 55;
	objects = {

/* Begin PBXBuildFile section */
		39837A3C2803CA9500BA3192 /* Onboarding.storyboard in Resources */ = {isa = PBXBuildFile; fileRef = 39837A3B2803CA9500BA3192 /* Onboarding.storyboard */; };
		39837A3E2803CAC500BA3192 /* OnboardingViewController.swift in Sources */ = {isa = PBXBuildFile; fileRef = 39837A3D2803CAC500BA3192 /* OnboardingViewController.swift */; };
		39B497B127FF295F009B4FFA /* GradientViewClass.swift in Sources */ = {isa = PBXBuildFile; fileRef = 39B497B027FF295F009B4FFA /* GradientViewClass.swift */; };
		39B497B327FF2A61009B4FFA /* CornerClass.swift in Sources */ = {isa = PBXBuildFile; fileRef = 39B497B227FF2A61009B4FFA /* CornerClass.swift */; };
		58076D9A2803DD7F00CFA4BF /* ActivityDetailsViewController.swift in Sources */ = {isa = PBXBuildFile; fileRef = 58076D992803DD7F00CFA4BF /* ActivityDetailsViewController.swift */; };
		5F1A069F27FE9E61000BEC17 /* AppDelegate.swift in Sources */ = {isa = PBXBuildFile; fileRef = 5F1A069E27FE9E61000BEC17 /* AppDelegate.swift */; };
		5F1A06A127FE9E61000BEC17 /* SceneDelegate.swift in Sources */ = {isa = PBXBuildFile; fileRef = 5F1A06A027FE9E61000BEC17 /* SceneDelegate.swift */; };
		5F1A06A327FE9E61000BEC17 /* ViewController.swift in Sources */ = {isa = PBXBuildFile; fileRef = 5F1A06A227FE9E61000BEC17 /* ViewController.swift */; };
		5F1A06A627FE9E61000BEC17 /* Main.storyboard in Resources */ = {isa = PBXBuildFile; fileRef = 5F1A06A427FE9E61000BEC17 /* Main.storyboard */; };
		5F1A06A927FE9E61000BEC17 /* MC1_Group12.xcdatamodeld in Sources */ = {isa = PBXBuildFile; fileRef = 5F1A06A727FE9E61000BEC17 /* MC1_Group12.xcdatamodeld */; };
		5F1A06AB27FE9E62000BEC17 /* Assets.xcassets in Resources */ = {isa = PBXBuildFile; fileRef = 5F1A06AA27FE9E62000BEC17 /* Assets.xcassets */; };
		5F1A06AE27FE9E62000BEC17 /* LaunchScreen.storyboard in Resources */ = {isa = PBXBuildFile; fileRef = 5F1A06AC27FE9E62000BEC17 /* LaunchScreen.storyboard */; };
		5F4C127B2803F0F000381BE6 /* Information.storyboard in Resources */ = {isa = PBXBuildFile; fileRef = 5F4C127A2803F0F000381BE6 /* Information.storyboard */; };
		5F4C127D2803F11F00381BE6 /* InformationViewController.swift in Sources */ = {isa = PBXBuildFile; fileRef = 5F4C127C2803F11F00381BE6 /* InformationViewController.swift */; };
		5F9390CE2802E4E9005D319A /* ReminderViewController.swift in Sources */ = {isa = PBXBuildFile; fileRef = 5F9390CD2802E4E9005D319A /* ReminderViewController.swift */; };
		A1B23FF2280401DF000138CF /* Reminder in Resources */ = {isa = PBXBuildFile; fileRef = A1B23FF1280401DF000138CF /* Reminder */; };
		C2F6ED3F2803DB5900072047 /* SF-Pro-Italic.ttf in Resources */ = {isa = PBXBuildFile; fileRef = C2F6ECF92803DAF500072047 /* SF-Pro-Italic.ttf */; };
		C2F6ED5E2803DB5900072047 /* SF-Pro.ttf in Resources */ = {isa = PBXBuildFile; fileRef = C2F6ECE02803DAF100072047 /* SF-Pro.ttf */; };
/* End PBXBuildFile section */

/* Begin PBXFileReference section */
		39837A3B2803CA9500BA3192 /* Onboarding.storyboard */ = {isa = PBXFileReference; lastKnownFileType = file.storyboard; path = Onboarding.storyboard; sourceTree = "<group>"; };
		39837A3D2803CAC500BA3192 /* OnboardingViewController.swift */ = {isa = PBXFileReference; lastKnownFileType = sourcecode.swift; path = OnboardingViewController.swift; sourceTree = "<group>"; };
		39B497B027FF295F009B4FFA /* GradientViewClass.swift */ = {isa = PBXFileReference; lastKnownFileType = sourcecode.swift; path = GradientViewClass.swift; sourceTree = "<group>"; };
		39B497B227FF2A61009B4FFA /* CornerClass.swift */ = {isa = PBXFileReference; lastKnownFileType = sourcecode.swift; path = CornerClass.swift; sourceTree = "<group>"; };
		58076D992803DD7F00CFA4BF /* ActivityDetailsViewController.swift */ = {isa = PBXFileReference; lastKnownFileType = sourcecode.swift; name = ActivityDetailsViewController.swift; path = Onboarding/ActivityDetailsViewController.swift; sourceTree = "<group>"; };
		5F1A069B27FE9E61000BEC17 /* MC1-Group12.app */ = {isa = PBXFileReference; explicitFileType = wrapper.application; includeInIndex = 0; path = "MC1-Group12.app"; sourceTree = BUILT_PRODUCTS_DIR; };
		5F1A069E27FE9E61000BEC17 /* AppDelegate.swift */ = {isa = PBXFileReference; lastKnownFileType = sourcecode.swift; path = AppDelegate.swift; sourceTree = "<group>"; };
		5F1A06A027FE9E61000BEC17 /* SceneDelegate.swift */ = {isa = PBXFileReference; lastKnownFileType = sourcecode.swift; path = SceneDelegate.swift; sourceTree = "<group>"; };
		5F1A06A227FE9E61000BEC17 /* ViewController.swift */ = {isa = PBXFileReference; lastKnownFileType = sourcecode.swift; path = ViewController.swift; sourceTree = "<group>"; };
		5F1A06A527FE9E61000BEC17 /* Base */ = {isa = PBXFileReference; lastKnownFileType = file.storyboard; name = Base; path = Base.lproj/Main.storyboard; sourceTree = "<group>"; };
		5F1A06A827FE9E61000BEC17 /* MC1_Group12.xcdatamodel */ = {isa = PBXFileReference; lastKnownFileType = wrapper.xcdatamodel; path = MC1_Group12.xcdatamodel; sourceTree = "<group>"; };
		5F1A06AA27FE9E62000BEC17 /* Assets.xcassets */ = {isa = PBXFileReference; lastKnownFileType = folder.assetcatalog; path = Assets.xcassets; sourceTree = "<group>"; };
		5F1A06AD27FE9E62000BEC17 /* Base */ = {isa = PBXFileReference; lastKnownFileType = file.storyboard; name = Base; path = Base.lproj/LaunchScreen.storyboard; sourceTree = "<group>"; };
		5F1A06AF27FE9E62000BEC17 /* Info.plist */ = {isa = PBXFileReference; lastKnownFileType = text.plist.xml; path = Info.plist; sourceTree = "<group>"; };
		5F4C127A2803F0F000381BE6 /* Information.storyboard */ = {isa = PBXFileReference; lastKnownFileType = file.storyboard; path = Information.storyboard; sourceTree = "<group>"; };
		5F4C127C2803F11F00381BE6 /* InformationViewController.swift */ = {isa = PBXFileReference; lastKnownFileType = sourcecode.swift; path = InformationViewController.swift; sourceTree = "<group>"; };
		5F9390CD2802E4E9005D319A /* ReminderViewController.swift */ = {isa = PBXFileReference; lastKnownFileType = sourcecode.swift; path = ReminderViewController.swift; sourceTree = "<group>"; };
		A1B23FF1280401DF000138CF /* Reminder */ = {isa = PBXFileReference; lastKnownFileType = folder; path = Reminder; sourceTree = "<group>"; };
		C2F6ECE02803DAF100072047 /* SF-Pro.ttf */ = {isa = PBXFileReference; lastKnownFileType = file; path = "SF-Pro.ttf"; sourceTree = "<group>"; };
		C2F6ECF92803DAF500072047 /* SF-Pro-Italic.ttf */ = {isa = PBXFileReference; lastKnownFileType = file; path = "SF-Pro-Italic.ttf"; sourceTree = "<group>"; };
/* End PBXFileReference section */

/* Begin PBXFrameworksBuildPhase section */
		5F1A069827FE9E61000BEC17 /* Frameworks */ = {
			isa = PBXFrameworksBuildPhase;
			buildActionMask = 2147483647;
			files = (
			);
			runOnlyForDeploymentPostprocessing = 0;
		};
/* End PBXFrameworksBuildPhase section */

/* Begin PBXGroup section */
		39837A3A2803C9F100BA3192 /* Onboarding */ = {
			isa = PBXGroup;
			children = (
				39837A3B2803CA9500BA3192 /* Onboarding.storyboard */,
				39837A3D2803CAC500BA3192 /* OnboardingViewController.swift */,
			);
			path = Onboarding;
			sourceTree = "<group>";
		};
		5F1A069227FE9E61000BEC17 = {
			isa = PBXGroup;
			children = (
				5F1A069D27FE9E61000BEC17 /* MC1-Group12 */,
				5F1A069C27FE9E61000BEC17 /* Products */,
			);
			sourceTree = "<group>";
		};
		5F1A069C27FE9E61000BEC17 /* Products */ = {
			isa = PBXGroup;
			children = (
				5F1A069B27FE9E61000BEC17 /* MC1-Group12.app */,
			);
			name = Products;
			sourceTree = "<group>";
		};
		5F1A069D27FE9E61000BEC17 /* MC1-Group12 */ = {
			isa = PBXGroup;
			children = (
				A1B23FF1280401DF000138CF /* Reminder */,
				5F4C12792803F0C400381BE6 /* Information */,
				39837A3A2803C9F100BA3192 /* Onboarding */,
				5F1A069E27FE9E61000BEC17 /* AppDelegate.swift */,
				C2F6ECD72803DAE000072047 /* fonts */,
				5F1A06A027FE9E61000BEC17 /* SceneDelegate.swift */,
				5F1A06A227FE9E61000BEC17 /* ViewController.swift */,
				39B497B227FF2A61009B4FFA /* CornerClass.swift */,
				39B497B027FF295F009B4FFA /* GradientViewClass.swift */,
				5F1A06A427FE9E61000BEC17 /* Main.storyboard */,
				5F1A06AA27FE9E62000BEC17 /* Assets.xcassets */,
				5F1A06AC27FE9E62000BEC17 /* LaunchScreen.storyboard */,
				5F1A06AF27FE9E62000BEC17 /* Info.plist */,
				5F1A06A727FE9E61000BEC17 /* MC1_Group12.xcdatamodeld */,
				5F9390CD2802E4E9005D319A /* ReminderViewController.swift */,
				58076D992803DD7F00CFA4BF /* ActivityDetailsViewController.swift */,
			);
			path = "MC1-Group12";
			sourceTree = "<group>";
		};
		5F4C12792803F0C400381BE6 /* Information */ = {
			isa = PBXGroup;
			children = (
				5F4C127A2803F0F000381BE6 /* Information.storyboard */,
				5F4C127C2803F11F00381BE6 /* InformationViewController.swift */,
			);
			path = Information;
			sourceTree = "<group>";
		};
		C2F6ECD72803DAE000072047 /* fonts */ = {
			isa = PBXGroup;
			children = (
				C2F6ECF92803DAF500072047 /* SF-Pro-Italic.ttf */,
				C2F6ECE02803DAF100072047 /* SF-Pro.ttf */,
			);
			path = fonts;
			sourceTree = "<group>";
		};
/* End PBXGroup section */

/* Begin PBXNativeTarget section */
		5F1A069A27FE9E61000BEC17 /* MC1-Group12 */ = {
			isa = PBXNativeTarget;
			buildConfigurationList = 5F1A06B227FE9E62000BEC17 /* Build configuration list for PBXNativeTarget "MC1-Group12" */;
			buildPhases = (
				5F1A069727FE9E61000BEC17 /* Sources */,
				5F1A069827FE9E61000BEC17 /* Frameworks */,
				5F1A069927FE9E61000BEC17 /* Resources */,
			);
			buildRules = (
			);
			dependencies = (
			);
			name = "MC1-Group12";
			productName = "MC1-Group12";
			productReference = 5F1A069B27FE9E61000BEC17 /* MC1-Group12.app */;
			productType = "com.apple.product-type.application";
		};
/* End PBXNativeTarget section */

/* Begin PBXProject section */
		5F1A069327FE9E61000BEC17 /* Project object */ = {
			isa = PBXProject;
			attributes = {
				BuildIndependentTargetsInParallel = 1;
				LastSwiftUpdateCheck = 1330;
				LastUpgradeCheck = 1330;
				TargetAttributes = {
					5F1A069A27FE9E61000BEC17 = {
						CreatedOnToolsVersion = 13.3;
					};
				};
			};
			buildConfigurationList = 5F1A069627FE9E61000BEC17 /* Build configuration list for PBXProject "MC1-Group12" */;
			compatibilityVersion = "Xcode 13.0";
			developmentRegion = en;
			hasScannedForEncodings = 0;
			knownRegions = (
				en,
				Base,
			);
			mainGroup = 5F1A069227FE9E61000BEC17;
			productRefGroup = 5F1A069C27FE9E61000BEC17 /* Products */;
			projectDirPath = "";
			projectRoot = "";
			targets = (
				5F1A069A27FE9E61000BEC17 /* MC1-Group12 */,
			);
		};
/* End PBXProject section */

/* Begin PBXResourcesBuildPhase section */
		5F1A069927FE9E61000BEC17 /* Resources */ = {
			isa = PBXResourcesBuildPhase;
			buildActionMask = 2147483647;
			files = (
				5F1A06AE27FE9E62000BEC17 /* LaunchScreen.storyboard in Resources */,
				5F1A06AB27FE9E62000BEC17 /* Assets.xcassets in Resources */,
				C2F6ED3F2803DB5900072047 /* SF-Pro-Italic.ttf in Resources */,
				5F4C127B2803F0F000381BE6 /* Information.storyboard in Resources */,
				C2F6ED5E2803DB5900072047 /* SF-Pro.ttf in Resources */,
				5F1A06A627FE9E61000BEC17 /* Main.storyboard in Resources */,
				A1B23FF2280401DF000138CF /* Reminder in Resources */,
				39837A3C2803CA9500BA3192 /* Onboarding.storyboard in Resources */,
			);
			runOnlyForDeploymentPostprocessing = 0;
		};
/* End PBXResourcesBuildPhase section */

/* Begin PBXSourcesBuildPhase section */
		5F1A069727FE9E61000BEC17 /* Sources */ = {
			isa = PBXSourcesBuildPhase;
			buildActionMask = 2147483647;
			files = (
				5F1A06A927FE9E61000BEC17 /* MC1_Group12.xcdatamodeld in Sources */,
				39B497B327FF2A61009B4FFA /* CornerClass.swift in Sources */,
				5F1A06A327FE9E61000BEC17 /* ViewController.swift in Sources */,
				39837A3E2803CAC500BA3192 /* OnboardingViewController.swift in Sources */,
				58076D9A2803DD7F00CFA4BF /* ActivityDetailsViewController.swift in Sources */,
				5F9390CE2802E4E9005D319A /* ReminderViewController.swift in Sources */,
				5F1A069F27FE9E61000BEC17 /* AppDelegate.swift in Sources */,
				39B497B127FF295F009B4FFA /* GradientViewClass.swift in Sources */,
				5F1A06A127FE9E61000BEC17 /* SceneDelegate.swift in Sources */,
				5F4C127D2803F11F00381BE6 /* InformationViewController.swift in Sources */,
			);
			runOnlyForDeploymentPostprocessing = 0;
		};
/* End PBXSourcesBuildPhase section */

/* Begin PBXVariantGroup section */
		5F1A06A427FE9E61000BEC17 /* Main.storyboard */ = {
			isa = PBXVariantGroup;
			children = (
				5F1A06A527FE9E61000BEC17 /* Base */,
			);
			name = Main.storyboard;
			sourceTree = "<group>";
		};
		5F1A06AC27FE9E62000BEC17 /* LaunchScreen.storyboard */ = {
			isa = PBXVariantGroup;
			children = (
				5F1A06AD27FE9E62000BEC17 /* Base */,
			);
			name = LaunchScreen.storyboard;
			sourceTree = "<group>";
		};
/* End PBXVariantGroup section */

/* Begin XCBuildConfiguration section */
		5F1A06B027FE9E62000BEC17 /* Debug */ = {
			isa = XCBuildConfiguration;
			buildSettings = {
				ALWAYS_SEARCH_USER_PATHS = NO;
				CLANG_ANALYZER_NONNULL = YES;
				CLANG_ANALYZER_NUMBER_OBJECT_CONVERSION = YES_AGGRESSIVE;
				CLANG_CXX_LANGUAGE_STANDARD = "gnu++17";
				CLANG_ENABLE_MODULES = YES;
				CLANG_ENABLE_OBJC_ARC = YES;
				CLANG_ENABLE_OBJC_WEAK = YES;
				CLANG_WARN_BLOCK_CAPTURE_AUTORELEASING = YES;
				CLANG_WARN_BOOL_CONVERSION = YES;
				CLANG_WARN_COMMA = YES;
				CLANG_WARN_CONSTANT_CONVERSION = YES;
				CLANG_WARN_DEPRECATED_OBJC_IMPLEMENTATIONS = YES;
				CLANG_WARN_DIRECT_OBJC_ISA_USAGE = YES_ERROR;
				CLANG_WARN_DOCUMENTATION_COMMENTS = YES;
				CLANG_WARN_EMPTY_BODY = YES;
				CLANG_WARN_ENUM_CONVERSION = YES;
				CLANG_WARN_INFINITE_RECURSION = YES;
				CLANG_WARN_INT_CONVERSION = YES;
				CLANG_WARN_NON_LITERAL_NULL_CONVERSION = YES;
				CLANG_WARN_OBJC_IMPLICIT_RETAIN_SELF = YES;
				CLANG_WARN_OBJC_LITERAL_CONVERSION = YES;
				CLANG_WARN_OBJC_ROOT_CLASS = YES_ERROR;
				CLANG_WARN_QUOTED_INCLUDE_IN_FRAMEWORK_HEADER = YES;
				CLANG_WARN_RANGE_LOOP_ANALYSIS = YES;
				CLANG_WARN_STRICT_PROTOTYPES = YES;
				CLANG_WARN_SUSPICIOUS_MOVE = YES;
				CLANG_WARN_UNGUARDED_AVAILABILITY = YES_AGGRESSIVE;
				CLANG_WARN_UNREACHABLE_CODE = YES;
				CLANG_WARN__DUPLICATE_METHOD_MATCH = YES;
				COPY_PHASE_STRIP = NO;
				DEBUG_INFORMATION_FORMAT = dwarf;
				ENABLE_STRICT_OBJC_MSGSEND = YES;
				ENABLE_TESTABILITY = YES;
				GCC_C_LANGUAGE_STANDARD = gnu11;
				GCC_DYNAMIC_NO_PIC = NO;
				GCC_NO_COMMON_BLOCKS = YES;
				GCC_OPTIMIZATION_LEVEL = 0;
				GCC_PREPROCESSOR_DEFINITIONS = (
					"DEBUG=1",
					"$(inherited)",
				);
				GCC_WARN_64_TO_32_BIT_CONVERSION = YES;
				GCC_WARN_ABOUT_RETURN_TYPE = YES_ERROR;
				GCC_WARN_UNDECLARED_SELECTOR = YES;
				GCC_WARN_UNINITIALIZED_AUTOS = YES_AGGRESSIVE;
				GCC_WARN_UNUSED_FUNCTION = YES;
				GCC_WARN_UNUSED_VARIABLE = YES;
				IPHONEOS_DEPLOYMENT_TARGET = 15.4;
				MTL_ENABLE_DEBUG_INFO = INCLUDE_SOURCE;
				MTL_FAST_MATH = YES;
				ONLY_ACTIVE_ARCH = YES;
				SDKROOT = iphoneos;
				SWIFT_ACTIVE_COMPILATION_CONDITIONS = DEBUG;
				SWIFT_OPTIMIZATION_LEVEL = "-Onone";
			};
			name = Debug;
		};
		5F1A06B127FE9E62000BEC17 /* Release */ = {
			isa = XCBuildConfiguration;
			buildSettings = {
				ALWAYS_SEARCH_USER_PATHS = NO;
				CLANG_ANALYZER_NONNULL = YES;
				CLANG_ANALYZER_NUMBER_OBJECT_CONVERSION = YES_AGGRESSIVE;
				CLANG_CXX_LANGUAGE_STANDARD = "gnu++17";
				CLANG_ENABLE_MODULES = YES;
				CLANG_ENABLE_OBJC_ARC = YES;
				CLANG_ENABLE_OBJC_WEAK = YES;
				CLANG_WARN_BLOCK_CAPTURE_AUTORELEASING = YES;
				CLANG_WARN_BOOL_CONVERSION = YES;
				CLANG_WARN_COMMA = YES;
				CLANG_WARN_CONSTANT_CONVERSION = YES;
				CLANG_WARN_DEPRECATED_OBJC_IMPLEMENTATIONS = YES;
				CLANG_WARN_DIRECT_OBJC_ISA_USAGE = YES_ERROR;
				CLANG_WARN_DOCUMENTATION_COMMENTS = YES;
				CLANG_WARN_EMPTY_BODY = YES;
				CLANG_WARN_ENUM_CONVERSION = YES;
				CLANG_WARN_INFINITE_RECURSION = YES;
				CLANG_WARN_INT_CONVERSION = YES;
				CLANG_WARN_NON_LITERAL_NULL_CONVERSION = YES;
				CLANG_WARN_OBJC_IMPLICIT_RETAIN_SELF = YES;
				CLANG_WARN_OBJC_LITERAL_CONVERSION = YES;
				CLANG_WARN_OBJC_ROOT_CLASS = YES_ERROR;
				CLANG_WARN_QUOTED_INCLUDE_IN_FRAMEWORK_HEADER = YES;
				CLANG_WARN_RANGE_LOOP_ANALYSIS = YES;
				CLANG_WARN_STRICT_PROTOTYPES = YES;
				CLANG_WARN_SUSPICIOUS_MOVE = YES;
				CLANG_WARN_UNGUARDED_AVAILABILITY = YES_AGGRESSIVE;
				CLANG_WARN_UNREACHABLE_CODE = YES;
				CLANG_WARN__DUPLICATE_METHOD_MATCH = YES;
				COPY_PHASE_STRIP = NO;
				DEBUG_INFORMATION_FORMAT = "dwarf-with-dsym";
				ENABLE_NS_ASSERTIONS = NO;
				ENABLE_STRICT_OBJC_MSGSEND = YES;
				GCC_C_LANGUAGE_STANDARD = gnu11;
				GCC_NO_COMMON_BLOCKS = YES;
				GCC_WARN_64_TO_32_BIT_CONVERSION = YES;
				GCC_WARN_ABOUT_RETURN_TYPE = YES_ERROR;
				GCC_WARN_UNDECLARED_SELECTOR = YES;
				GCC_WARN_UNINITIALIZED_AUTOS = YES_AGGRESSIVE;
				GCC_WARN_UNUSED_FUNCTION = YES;
				GCC_WARN_UNUSED_VARIABLE = YES;
				IPHONEOS_DEPLOYMENT_TARGET = 15.4;
				MTL_ENABLE_DEBUG_INFO = NO;
				MTL_FAST_MATH = YES;
				SDKROOT = iphoneos;
				SWIFT_COMPILATION_MODE = wholemodule;
				SWIFT_OPTIMIZATION_LEVEL = "-O";
				VALIDATE_PRODUCT = YES;
			};
			name = Release;
		};
		5F1A06B327FE9E62000BEC17 /* Debug */ = {
			isa = XCBuildConfiguration;
			buildSettings = {
				ASSETCATALOG_COMPILER_APPICON_NAME = AppIcon;
				ASSETCATALOG_COMPILER_GLOBAL_ACCENT_COLOR_NAME = AccentColor;
				CODE_SIGN_STYLE = Automatic;
				CURRENT_PROJECT_VERSION = 1;
				GENERATE_INFOPLIST_FILE = YES;
				INFOPLIST_FILE = "MC1-Group12/Info.plist";
				INFOPLIST_KEY_UIApplicationSupportsIndirectInputEvents = YES;
				INFOPLIST_KEY_UILaunchStoryboardName = LaunchScreen;
				INFOPLIST_KEY_UIMainStoryboardFile = Main;
				INFOPLIST_KEY_UISupportedInterfaceOrientations_iPad = "UIInterfaceOrientationPortrait UIInterfaceOrientationPortraitUpsideDown UIInterfaceOrientationLandscapeLeft UIInterfaceOrientationLandscapeRight";
				INFOPLIST_KEY_UISupportedInterfaceOrientations_iPhone = "UIInterfaceOrientationPortrait UIInterfaceOrientationLandscapeLeft UIInterfaceOrientationLandscapeRight";
				LD_RUNPATH_SEARCH_PATHS = (
					"$(inherited)",
					"@executable_path/Frameworks",
				);
				MARKETING_VERSION = 1.0;
				PRODUCT_BUNDLE_IDENTIFIER = "com.twister.MC1-Group12";
				PRODUCT_NAME = "$(TARGET_NAME)";
				SWIFT_EMIT_LOC_STRINGS = YES;
				SWIFT_VERSION = 5.0;
				TARGETED_DEVICE_FAMILY = "1,2";
			};
			name = Debug;
		};
		5F1A06B427FE9E62000BEC17 /* Release */ = {
			isa = XCBuildConfiguration;
			buildSettings = {
				ASSETCATALOG_COMPILER_APPICON_NAME = AppIcon;
				ASSETCATALOG_COMPILER_GLOBAL_ACCENT_COLOR_NAME = AccentColor;
				CODE_SIGN_STYLE = Automatic;
				CURRENT_PROJECT_VERSION = 1;
				GENERATE_INFOPLIST_FILE = YES;
				INFOPLIST_FILE = "MC1-Group12/Info.plist";
				INFOPLIST_KEY_UIApplicationSupportsIndirectInputEvents = YES;
				INFOPLIST_KEY_UILaunchStoryboardName = LaunchScreen;
				INFOPLIST_KEY_UIMainStoryboardFile = Main;
				INFOPLIST_KEY_UISupportedInterfaceOrientations_iPad = "UIInterfaceOrientationPortrait UIInterfaceOrientationPortraitUpsideDown UIInterfaceOrientationLandscapeLeft UIInterfaceOrientationLandscapeRight";
				INFOPLIST_KEY_UISupportedInterfaceOrientations_iPhone = "UIInterfaceOrientationPortrait UIInterfaceOrientationLandscapeLeft UIInterfaceOrientationLandscapeRight";
				LD_RUNPATH_SEARCH_PATHS = (
					"$(inherited)",
					"@executable_path/Frameworks",
				);
				MARKETING_VERSION = 1.0;
				PRODUCT_BUNDLE_IDENTIFIER = "com.twister.MC1-Group12";
				PRODUCT_NAME = "$(TARGET_NAME)";
				SWIFT_EMIT_LOC_STRINGS = YES;
				SWIFT_VERSION = 5.0;
				TARGETED_DEVICE_FAMILY = "1,2";
			};
			name = Release;
		};
/* End XCBuildConfiguration section */

/* Begin XCConfigurationList section */
		5F1A069627FE9E61000BEC17 /* Build configuration list for PBXProject "MC1-Group12" */ = {
			isa = XCConfigurationList;
			buildConfigurations = (
				5F1A06B027FE9E62000BEC17 /* Debug */,
				5F1A06B127FE9E62000BEC17 /* Release */,
			);
			defaultConfigurationIsVisible = 0;
			defaultConfigurationName = Release;
		};
		5F1A06B227FE9E62000BEC17 /* Build configuration list for PBXNativeTarget "MC1-Group12" */ = {
			isa = XCConfigurationList;
			buildConfigurations = (
				5F1A06B327FE9E62000BEC17 /* Debug */,
				5F1A06B427FE9E62000BEC17 /* Release */,
			);
			defaultConfigurationIsVisible = 0;
			defaultConfigurationName = Release;
		};
/* End XCConfigurationList section */

/* Begin XCVersionGroup section */
		5F1A06A727FE9E61000BEC17 /* MC1_Group12.xcdatamodeld */ = {
			isa = XCVersionGroup;
			children = (
				5F1A06A827FE9E61000BEC17 /* MC1_Group12.xcdatamodel */,
			);
			currentVersion = 5F1A06A827FE9E61000BEC17 /* MC1_Group12.xcdatamodel */;
			path = MC1_Group12.xcdatamodeld;
			sourceTree = "<group>";
			versionGroupType = wrapper.xcdatamodel;
		};
/* End XCVersionGroup section */
	};
	rootObject = 5F1A069327FE9E61000BEC17 /* Project object */;
}
